
Microsoft Visual Studio Solution File, Format Version 12.00
# Visual Studio 15
VisualStudioVersion = 15.0.27703.2035
MinimumVisualStudioVersion = 10.0.40219.1
Project("{8BC9CEB8-8B4A-11D0-8D11-00A0C91BC942}") = "PathFinder", "PathFinder\PathFinder.vcxproj", "{506FF947-4A41-470E-B2E7-FAAFC28ECA81}"
EndProject
Global
	GlobalSection(SolutionConfigurationPlatforms) = preSolution
		Debug|x64 = Debug|x64
		Debug|x86 = Debug|x86
		Release|x64 = Release|x64
		Release|x86 = Release|x86
	EndGlobalSection
	GlobalSection(ProjectConfigurationPlatforms) = postSolution
		{506FF947-4A41-470E-B2E7-FAAFC28ECA81}.Debug|x64.ActiveCfg = Debug|x64
		{506FF947-4A41-470E-B2E7-FAAFC28ECA81}.Debug|x64.Build.0 = Debug|x64
		{506FF947-4A41-470E-B2E7-FAAFC28ECA81}.Debug|x86.ActiveCfg = Debug|Win32
		{506FF947-4A41-470E-B2E7-FAAFC28ECA81}.Debug|x86.Build.0 = Debug|Win32
		{506FF947-4A41-470E-B2E7-FAAFC28ECA81}.Release|x64.ActiveCfg = Release|x64
		{506FF947-4A41-470E-B2E7-FAAFC28ECA81}.Release|x64.Build.0 = Release|x64
		{506FF947-4A41-470E-B2E7-FAAFC28ECA81}.Release|x86.ActiveCfg = Release|Win32
		{506FF947-4A41-470E-B2E7-FAAFC28ECA81}.Release|x86.Build.0 = Release|Win32
	EndGlobalSection
	GlobalSection(SolutionProperties) = preSolution
		HideSolutionNode = FALSE
	EndGlobalSection
	GlobalSection(ExtensibilityGlobals) = postSolution
		SolutionGuid = {3B0BDFFA-03B7-4B50-817C-172A61157A35}
	EndGlobalSection
EndGlobal
